// !$*UTF8*$!
{
	archiveVersion = 1;
	classes = {
	};
	objectVersion = 77;
	objects = {

/* Begin PBXBuildFile section */
		2795A0B32E3816FC00E56BE8 /* Auth in Frameworks */ = {isa = PBXBuildFile; productRef = 2795A0B22E3816FC00E56BE8 /* Auth */; };
		2795A0B52E3816FC00E56BE8 /* Functions in Frameworks */ = {isa = PBXBuildFile; productRef = 2795A0B42E3816FC00E56BE8 /* Functions */; };
		2795A0B72E3816FC00E56BE8 /* PostgREST in Frameworks */ = {isa = PBXBuildFile; productRef = 2795A0B62E3816FC00E56BE8 /* PostgREST */; };
		2795A0B92E3816FC00E56BE8 /* Realtime in Frameworks */ = {isa = PBXBuildFile; productRef = 2795A0B82E3816FC00E56BE8 /* Realtime */; };
		2795A0BB2E3816FC00E56BE8 /* Storage in Frameworks */ = {isa = PBXBuildFile; productRef = 2795A0BA2E3816FC00E56BE8 /* Storage */; };
		2795A0D32E388E5600E56BE8 /* Supabase in Frameworks */ = {isa = PBXBuildFile; productRef = 2795A0D22E388E5600E56BE8 /* Supabase */; };
/* End PBXBuildFile section */

/* Begin PBXFileReference section */
		27A585CD2E37EC480052201E /* BRIK.app */ = {isa = PBXFileReference; explicitFileType = wrapper.application; includeInIndex = 0; path = BRIK.app; sourceTree = BUILT_PRODUCTS_DIR; };
/* End PBXFileReference section */

/* Begin PBXFileSystemSynchronizedBuildFileExceptionSet section */
		270CC4DF2E38155900E4F2A3 /* Exceptions for "Models" folder in "BRIK" target */ = {
			isa = PBXFileSystemSynchronizedBuildFileExceptionSet;
			membershipExceptions = (
				User.swift,
			);
			target = 27A585CC2E37EC480052201E /* BRIK */;
		};
		273E06E12E37FF7100EE1E7B /* Exceptions for "Config" folder in "BRIK" target */ = {
			isa = PBXFileSystemSynchronizedBuildFileExceptionSet;
			membershipExceptions = (
				Secrets.swift,
			);
			target = 27A585CC2E37EC480052201E /* BRIK */;
		};
		273E06E32E37FF7800EE1E7B /* Exceptions for "Services" folder in "BRIK" target */ = {
			isa = PBXFileSystemSynchronizedBuildFileExceptionSet;
			membershipExceptions = (
				SupabaseService.swift,
			);
			target = 27A585CC2E37EC480052201E /* BRIK */;
		};
		273E06E52E37FF7D00EE1E7B /* Exceptions for "Views" folder in "BRIK" target */ = {
			isa = PBXFileSystemSynchronizedBuildFileExceptionSet;
			membershipExceptions = (
				UserListView.swift,
			);
			target = 27A585CC2E37EC480052201E /* BRIK */;
		};
/* End PBXFileSystemSynchronizedBuildFileExceptionSet section */

/* Begin PBXFileSystemSynchronizedRootGroup section */
		273E06CE2E37FE8C00EE1E7B /* Config */ = {
			isa = PBXFileSystemSynchronizedRootGroup;
			exceptions = (
				273E06E12E37FF7100EE1E7B /* Exceptions for "Config" folder in "BRIK" target */,
			);
			path = Config;
			sourceTree = "<group>";
		};
		273E06D12E37FE9900EE1E7B /* Services */ = {
			isa = PBXFileSystemSynchronizedRootGroup;
			exceptions = (
				273E06E32E37FF7800EE1E7B /* Exceptions for "Services" folder in "BRIK" target */,
			);
			path = Services;
			sourceTree = "<group>";
		};
		273E06D32E37FE9C00EE1E7B /* Models */ = {
			isa = PBXFileSystemSynchronizedRootGroup;
			exceptions = (
				270CC4DF2E38155900E4F2A3 /* Exceptions for "Models" folder in "BRIK" target */,
			);
			path = Models;
			sourceTree = "<group>";
		};
		273E06D52E37FE9F00EE1E7B /* Views */ = {
			isa = PBXFileSystemSynchronizedRootGroup;
			exceptions = (
				273E06E52E37FF7D00EE1E7B /* Exceptions for "Views" folder in "BRIK" target */,
			);
			path = Views;
			sourceTree = "<group>";
		};
		27A585CF2E37EC480052201E /* BRIK */ = {
			isa = PBXFileSystemSynchronizedRootGroup;
			path = BRIK;
			sourceTree = "<group>";
		};
/* End PBXFileSystemSynchronizedRootGroup section */

/* Begin PBXFrameworksBuildPhase section */
		27A585CA2E37EC480052201E /* Frameworks */ = {
			isa = PBXFrameworksBuildPhase;
			buildActionMask = 2147483647;
			files = (
				2795A0B72E3816FC00E56BE8 /* PostgREST in Frameworks */,
				2795A0B52E3816FC00E56BE8 /* Functions in Frameworks */,
				2795A0D32E388E5600E56BE8 /* Supabase in Frameworks */,
				2795A0B32E3816FC00E56BE8 /* Auth in Frameworks */,
				2795A0BB2E3816FC00E56BE8 /* Storage in Frameworks */,
				2795A0B92E3816FC00E56BE8 /* Realtime in Frameworks */,
			);
			runOnlyForDeploymentPostprocessing = 0;
		};
/* End PBXFrameworksBuildPhase section */

/* Begin PBXGroup section */
		273E06C62E37FD7B00EE1E7B /* Helpers */ = {
			isa = PBXGroup;
			children = (
			);
			path = Helpers;
			sourceTree = "<group>";
		};
		2795A0D42E388E6300E56BE8 /* Frameworks */ = {
			isa = PBXGroup;
			children = (
			);
			name = Frameworks;
			sourceTree = "<group>";
		};
		27A585C42E37EC470052201E = {
			isa = PBXGroup;
			children = (
				273E06CE2E37FE8C00EE1E7B /* Config */,
				273E06C62E37FD7B00EE1E7B /* Helpers */,
				273E06D12E37FE9900EE1E7B /* Services */,
				273E06D32E37FE9C00EE1E7B /* Models */,
				273E06D52E37FE9F00EE1E7B /* Views */,
				27A585CF2E37EC480052201E /* BRIK */,
				2795A0D42E388E6300E56BE8 /* Frameworks */,
				27A585CE2E37EC480052201E /* Products */,
			);
			sourceTree = "<group>";
		};
		27A585CE2E37EC480052201E /* Products */ = {
			isa = PBXGroup;
			children = (
				27A585CD2E37EC480052201E /* BRIK.app */,
			);
			name = Products;
			sourceTree = "<group>";
		};
/* End PBXGroup section */

/* Begin PBXNativeTarget section */
		27A585CC2E37EC480052201E /* BRIK */ = {
			isa = PBXNativeTarget;
			buildConfigurationList = 27A585EF2E37EC4A0052201E /* Build configuration list for PBXNativeTarget "BRIK" */;
			buildPhases = (
				27A585C92E37EC480052201E /* Sources */,
				27A585CA2E37EC480052201E /* Frameworks */,
				27A585CB2E37EC480052201E /* Resources */,
			);
			buildRules = (
			);
			dependencies = (
				2795A0C92E3817D000E56BE8 /* PBXTargetDependency */,
				2795A0CB2E3817D000E56BE8 /* PBXTargetDependency */,
				2795A0CD2E3817D000E56BE8 /* PBXTargetDependency */,
				2795A0CF2E3817D000E56BE8 /* PBXTargetDependency */,
				2795A0D12E3817D000E56BE8 /* PBXTargetDependency */,
				2795A0C72E38170F00E56BE8 /* PBXTargetDependency */,
			);
			fileSystemSynchronizedGroups = (
				27A585CF2E37EC480052201E /* BRIK */,
			);
			name = BRIK;
			packageProductDependencies = (
				2795A0B22E3816FC00E56BE8 /* Auth */,
				2795A0B42E3816FC00E56BE8 /* Functions */,
				2795A0B62E3816FC00E56BE8 /* PostgREST */,
				2795A0B82E3816FC00E56BE8 /* Realtime */,
				2795A0BA2E3816FC00E56BE8 /* Storage */,
				2795A0D22E388E5600E56BE8 /* Supabase */,
			);
			productName = BRIK;
			productReference = 27A585CD2E37EC480052201E /* BRIK.app */;
			productType = "com.apple.product-type.application";
		};
/* End PBXNativeTarget section */

/* Begin PBXProject section */
		27A585C52E37EC470052201E /* Project object */ = {
			isa = PBXProject;
			attributes = {
				BuildIndependentTargetsInParallel = 1;
				LastSwiftUpdateCheck = 1640;
				LastUpgradeCheck = 1640;
				TargetAttributes = {
					27A585CC2E37EC480052201E = {
						CreatedOnToolsVersion = 16.4;
					};
				};
			};
			buildConfigurationList = 27A585C82E37EC480052201E /* Build configuration list for PBXProject "BRIK" */;
			developmentRegion = en;
			hasScannedForEncodings = 0;
			knownRegions = (
				en,
				Base,
			);
			mainGroup = 27A585C42E37EC470052201E;
			minimizedProjectReferenceProxies = 1;
			packageReferences = (
				2795A0B12E3816FC00E56BE8 /* XCRemoteSwiftPackageReference "supabase-swift" */,
			);
			preferredProjectObjectVersion = 77;
			productRefGroup = 27A585CE2E37EC480052201E /* Products */;
			projectDirPath = "";
			projectRoot = "";
			targets = (
				27A585CC2E37EC480052201E /* BRIK */,
			);
		};
/* End PBXProject section */

/* Begin PBXResourcesBuildPhase section */
		27A585CB2E37EC480052201E /* Resources */ = {
			isa = PBXResourcesBuildPhase;
			buildActionMask = 2147483647;
			files = (
			);
			runOnlyForDeploymentPostprocessing = 0;
		};
/* End PBXResourcesBuildPhase section */

/* Begin PBXSourcesBuildPhase section */
		27A585C92E37EC480052201E /* Sources */ = {
			isa = PBXSourcesBuildPhase;
			buildActionMask = 2147483647;
			files = (
			);
			runOnlyForDeploymentPostprocessing = 0;
		};
/* End PBXSourcesBuildPhase section */

/* Begin PBXTargetDependency section */
		2795A0C72E38170F00E56BE8 /* PBXTargetDependency */ = {
			isa = PBXTargetDependency;
			productRef = 2795A0C62E38170F00E56BE8 /* Supabase */;
		};
		2795A0C92E3817D000E56BE8 /* PBXTargetDependency */ = {
			isa = PBXTargetDependency;
			productRef = 2795A0C82E3817D000E56BE8 /* Auth */;
		};
		2795A0CB2E3817D000E56BE8 /* PBXTargetDependency */ = {
			isa = PBXTargetDependency;
			productRef = 2795A0CA2E3817D000E56BE8 /* Functions */;
		};
		2795A0CD2E3817D000E56BE8 /* PBXTargetDependency */ = {
			isa = PBXTargetDependency;
			productRef = 2795A0CC2E3817D000E56BE8 /* PostgREST */;
		};
		2795A0CF2E3817D000E56BE8 /* PBXTargetDependency */ = {
			isa = PBXTargetDependency;
			productRef = 2795A0CE2E3817D000E56BE8 /* Realtime */;
		};
		2795A0D12E3817D000E56BE8 /* PBXTargetDependency */ = {
			isa = PBXTargetDependency;
			productRef = 2795A0D02E3817D000E56BE8 /* Storage */;
		};
/* End PBXTargetDependency section */

/* Begin XCBuildConfiguration section */
		27A585ED2E37EC4A0052201E /* Debug */ = {
			isa = XCBuildConfiguration;
			buildSettings = {
				ALWAYS_SEARCH_USER_PATHS = NO;
				ASSETCATALOG_COMPILER_GENERATE_SWIFT_ASSET_SYMBOL_EXTENSIONS = YES;
				CLANG_ANALYZER_NONNULL = YES;
				CLANG_ANALYZER_NUMBER_OBJECT_CONVERSION = YES_AGGRESSIVE;
				CLANG_CXX_LANGUAGE_STANDARD = "gnu++20";
				CLANG_ENABLE_MODULES = YES;
				CLANG_ENABLE_OBJC_ARC = YES;
				CLANG_ENABLE_OBJC_WEAK = YES;
				CLANG_WARN_BLOCK_CAPTURE_AUTORELEASING = YES;
				CLANG_WARN_BOOL_CONVERSION = YES;
				CLANG_WARN_COMMA = YES;
				CLANG_WARN_CONSTANT_CONVERSION = YES;
				CLANG_WARN_DEPRECATED_OBJC_IMPLEMENTATIONS = YES;
				CLANG_WARN_DIRECT_OBJC_ISA_USAGE = YES_ERROR;
				CLANG_WARN_DOCUMENTATION_COMMENTS = YES;
				CLANG_WARN_EMPTY_BODY = YES;
				CLANG_WARN_ENUM_CONVERSION = YES;
				CLANG_WARN_INFINITE_RECURSION = YES;
				CLANG_WARN_INT_CONVERSION = YES;
				CLANG_WARN_NON_LITERAL_NULL_CONVERSION = YES;
				CLANG_WARN_OBJC_IMPLICIT_RETAIN_SELF = YES;
				CLANG_WARN_OBJC_LITERAL_CONVERSION = YES;
				CLANG_WARN_OBJC_ROOT_CLASS = YES_ERROR;
				CLANG_WARN_QUOTED_INCLUDE_IN_FRAMEWORK_HEADER = YES;
				CLANG_WARN_RANGE_LOOP_ANALYSIS = YES;
				CLANG_WARN_STRICT_PROTOTYPES = YES;
				CLANG_WARN_SUSPICIOUS_MOVE = YES;
				CLANG_WARN_UNGUARDED_AVAILABILITY = YES_AGGRESSIVE;
				CLANG_WARN_UNREACHABLE_CODE = YES;
				CLANG_WARN__DUPLICATE_METHOD_MATCH = YES;
				COPY_PHASE_STRIP = NO;
				DEBUG_INFORMATION_FORMAT = dwarf;
				ENABLE_STRICT_OBJC_MSGSEND = YES;
				ENABLE_TESTABILITY = YES;
				ENABLE_USER_SCRIPT_SANDBOXING = YES;
				GCC_C_LANGUAGE_STANDARD = gnu17;
				GCC_DYNAMIC_NO_PIC = NO;
				GCC_NO_COMMON_BLOCKS = YES;
				GCC_OPTIMIZATION_LEVEL = 0;
				GCC_PREPROCESSOR_DEFINITIONS = (
					"DEBUG=1",
					"$(inherited)",
				);
				GCC_WARN_64_TO_32_BIT_CONVERSION = YES;
				GCC_WARN_ABOUT_RETURN_TYPE = YES_ERROR;
				GCC_WARN_UNDECLARED_SELECTOR = YES;
				GCC_WARN_UNINITIALIZED_AUTOS = YES_AGGRESSIVE;
				GCC_WARN_UNUSED_FUNCTION = YES;
				GCC_WARN_UNUSED_VARIABLE = YES;
				LOCALIZATION_PREFERS_STRING_CATALOGS = YES;
				MTL_ENABLE_DEBUG_INFO = INCLUDE_SOURCE;
				MTL_FAST_MATH = YES;
				ONLY_ACTIVE_ARCH = YES;
				SWIFT_ACTIVE_COMPILATION_CONDITIONS = "DEBUG $(inherited)";
				SWIFT_OPTIMIZATION_LEVEL = "-Onone";
			};
			name = Debug;
		};
		27A585EE2E37EC4A0052201E /* Release */ = {
			isa = XCBuildConfiguration;
			buildSettings = {
				ALWAYS_SEARCH_USER_PATHS = NO;
				ASSETCATALOG_COMPILER_GENERATE_SWIFT_ASSET_SYMBOL_EXTENSIONS = YES;
				CLANG_ANALYZER_NONNULL = YES;
				CLANG_ANALYZER_NUMBER_OBJECT_CONVERSION = YES_AGGRESSIVE;
				CLANG_CXX_LANGUAGE_STANDARD = "gnu++20";
				CLANG_ENABLE_MODULES = YES;
				CLANG_ENABLE_OBJC_ARC = YES;
				CLANG_ENABLE_OBJC_WEAK = YES;
				CLANG_WARN_BLOCK_CAPTURE_AUTORELEASING = YES;
				CLANG_WARN_BOOL_CONVERSION = YES;
				CLANG_WARN_COMMA = YES;
				CLANG_WARN_CONSTANT_CONVERSION = YES;
				CLANG_WARN_DEPRECATED_OBJC_IMPLEMENTATIONS = YES;
				CLANG_WARN_DIRECT_OBJC_ISA_USAGE = YES_ERROR;
				CLANG_WARN_DOCUMENTATION_COMMENTS = YES;
				CLANG_WARN_EMPTY_BODY = YES;
				CLANG_WARN_ENUM_CONVERSION = YES;
				CLANG_WARN_INFINITE_RECURSION = YES;
				CLANG_WARN_INT_CONVERSION = YES;
				CLANG_WARN_NON_LITERAL_NULL_CONVERSION = YES;
				CLANG_WARN_OBJC_IMPLICIT_RETAIN_SELF = YES;
				CLANG_WARN_OBJC_LITERAL_CONVERSION = YES;
				CLANG_WARN_OBJC_ROOT_CLASS = YES_ERROR;
				CLANG_WARN_QUOTED_INCLUDE_IN_FRAMEWORK_HEADER = YES;
				CLANG_WARN_RANGE_LOOP_ANALYSIS = YES;
				CLANG_WARN_STRICT_PROTOTYPES = YES;
				CLANG_WARN_SUSPICIOUS_MOVE = YES;
				CLANG_WARN_UNGUARDED_AVAILABILITY = YES_AGGRESSIVE;
				CLANG_WARN_UNREACHABLE_CODE = YES;
				CLANG_WARN__DUPLICATE_METHOD_MATCH = YES;
				COPY_PHASE_STRIP = NO;
				DEBUG_INFORMATION_FORMAT = "dwarf-with-dsym";
				ENABLE_NS_ASSERTIONS = NO;
				ENABLE_STRICT_OBJC_MSGSEND = YES;
				ENABLE_USER_SCRIPT_SANDBOXING = YES;
				GCC_C_LANGUAGE_STANDARD = gnu17;
				GCC_NO_COMMON_BLOCKS = YES;
				GCC_WARN_64_TO_32_BIT_CONVERSION = YES;
				GCC_WARN_ABOUT_RETURN_TYPE = YES_ERROR;
				GCC_WARN_UNDECLARED_SELECTOR = YES;
				GCC_WARN_UNINITIALIZED_AUTOS = YES_AGGRESSIVE;
				GCC_WARN_UNUSED_FUNCTION = YES;
				GCC_WARN_UNUSED_VARIABLE = YES;
				LOCALIZATION_PREFERS_STRING_CATALOGS = YES;
				MTL_ENABLE_DEBUG_INFO = NO;
				MTL_FAST_MATH = YES;
				SWIFT_COMPILATION_MODE = wholemodule;
			};
			name = Release;
		};
		27A585F02E37EC4A0052201E /* Debug */ = {
			isa = XCBuildConfiguration;
			buildSettings = {
				ASSETCATALOG_COMPILER_APPICON_NAME = AppIcon;
				ASSETCATALOG_COMPILER_GLOBAL_ACCENT_COLOR_NAME = AccentColor;
				CODE_SIGN_ENTITLEMENTS = BRIK/BRIK.entitlements;
				CODE_SIGN_STYLE = Automatic;
				CURRENT_PROJECT_VERSION = 1;
				ENABLE_PREVIEWS = YES;
				GENERATE_INFOPLIST_FILE = YES;
				"INFOPLIST_KEY_UIApplicationSceneManifest_Generation[sdk=iphoneos*]" = YES;
				"INFOPLIST_KEY_UIApplicationSceneManifest_Generation[sdk=iphonesimulator*]" = YES;
				"INFOPLIST_KEY_UIApplicationSupportsIndirectInputEvents[sdk=iphoneos*]" = YES;
				"INFOPLIST_KEY_UIApplicationSupportsIndirectInputEvents[sdk=iphonesimulator*]" = YES;
				"INFOPLIST_KEY_UILaunchScreen_Generation[sdk=iphoneos*]" = YES;
				"INFOPLIST_KEY_UILaunchScreen_Generation[sdk=iphonesimulator*]" = YES;
				"INFOPLIST_KEY_UIStatusBarStyle[sdk=iphoneos*]" = UIStatusBarStyleDefault;
				"INFOPLIST_KEY_UIStatusBarStyle[sdk=iphonesimulator*]" = UIStatusBarStyleDefault;
				INFOPLIST_KEY_UISupportedInterfaceOrientations_iPad = "UIInterfaceOrientationPortrait UIInterfaceOrientationPortraitUpsideDown UIInterfaceOrientationLandscapeLeft UIInterfaceOrientationLandscapeRight";
				INFOPLIST_KEY_UISupportedInterfaceOrientations_iPhone = "UIInterfaceOrientationPortrait UIInterfaceOrientationLandscapeLeft UIInterfaceOrientationLandscapeRight";
				IPHONEOS_DEPLOYMENT_TARGET = 18.5;
				LD_RUNPATH_SEARCH_PATHS = "@executable_path/Frameworks";
				"LD_RUNPATH_SEARCH_PATHS[sdk=macosx*]" = "@executable_path/../Frameworks";
				MACOSX_DEPLOYMENT_TARGET = 15.3;
				MARKETING_VERSION = 1.0;
				PRODUCT_BUNDLE_IDENTIFIER = com.jorrit.BRIK;
				PRODUCT_NAME = "$(TARGET_NAME)";
				REGISTER_APP_GROUPS = YES;
				SDKROOT = auto;
				SUPPORTED_PLATFORMS = "iphoneos iphonesimulator";
				SUPPORTS_MACCATALYST = NO;
				SWIFT_EMIT_LOC_STRINGS = YES;
				SWIFT_VERSION = 5.0;
				TARGETED_DEVICE_FAMILY = 1;
				XROS_DEPLOYMENT_TARGET = 2.5;
			};
			name = Debug;
		};
		27A585F12E37EC4A0052201E /* Release */ = {
			isa = XCBuildConfiguration;
			buildSettings = {
				ASSETCATALOG_COMPILER_APPICON_NAME = AppIcon;
				ASSETCATALOG_COMPILER_GLOBAL_ACCENT_COLOR_NAME = AccentColor;
				CODE_SIGN_ENTITLEMENTS = BRIK/BRIK.entitlements;
				CODE_SIGN_STYLE = Automatic;
				CURRENT_PROJECT_VERSION = 1;
				ENABLE_PREVIEWS = YES;
				GENERATE_INFOPLIST_FILE = YES;
				"INFOPLIST_KEY_UIApplicationSceneManifest_Generation[sdk=iphoneos*]" = YES;
				"INFOPLIST_KEY_UIApplicationSceneManifest_Generation[sdk=iphonesimulator*]" = YES;
				"INFOPLIST_KEY_UIApplicationSupportsIndirectInputEvents[sdk=iphoneos*]" = YES;
				"INFOPLIST_KEY_UIApplicationSupportsIndirectInputEvents[sdk=iphonesimulator*]" = YES;
				"INFOPLIST_KEY_UILaunchScreen_Generation[sdk=iphoneos*]" = YES;
				"INFOPLIST_KEY_UILaunchScreen_Generation[sdk=iphonesimulator*]" = YES;
				"INFOPLIST_KEY_UIStatusBarStyle[sdk=iphoneos*]" = UIStatusBarStyleDefault;
				"INFOPLIST_KEY_UIStatusBarStyle[sdk=iphonesimulator*]" = UIStatusBarStyleDefault;
				INFOPLIST_KEY_UISupportedInterfaceOrientations_iPad = "UIInterfaceOrientationPortrait UIInterfaceOrientationPortraitUpsideDown UIInterfaceOrientationLandscapeLeft UIInterfaceOrientationLandscapeRight";
				INFOPLIST_KEY_UISupportedInterfaceOrientations_iPhone = "UIInterfaceOrientationPortrait UIInterfaceOrientationLandscapeLeft UIInterfaceOrientationLandscapeRight";
				IPHONEOS_DEPLOYMENT_TARGET = 18.5;
				LD_RUNPATH_SEARCH_PATHS = "@executable_path/Frameworks";
				"LD_RUNPATH_SEARCH_PATHS[sdk=macosx*]" = "@executable_path/../Frameworks";
				MACOSX_DEPLOYMENT_TARGET = 15.3;
				MARKETING_VERSION = 1.0;
				PRODUCT_BUNDLE_IDENTIFIER = com.jorrit.BRIK;
				PRODUCT_NAME = "$(TARGET_NAME)";
				REGISTER_APP_GROUPS = YES;
				SDKROOT = auto;
				SUPPORTED_PLATFORMS = "iphoneos iphonesimulator";
				SUPPORTS_MACCATALYST = NO;
				SWIFT_EMIT_LOC_STRINGS = YES;
				SWIFT_VERSION = 5.0;
				TARGETED_DEVICE_FAMILY = 1;
				XROS_DEPLOYMENT_TARGET = 2.5;
			};
			name = Release;
		};
/* End XCBuildConfiguration section */

/* Begin XCConfigurationList section */
		27A585C82E37EC480052201E /* Build configuration list for PBXProject "BRIK" */ = {
			isa = XCConfigurationList;
			buildConfigurations = (
				27A585ED2E37EC4A0052201E /* Debug */,
				27A585EE2E37EC4A0052201E /* Release */,
			);
			defaultConfigurationIsVisible = 0;
			defaultConfigurationName = Release;
		};
		27A585EF2E37EC4A0052201E /* Build configuration list for PBXNativeTarget "BRIK" */ = {
			isa = XCConfigurationList;
			buildConfigurations = (
				27A585F02E37EC4A0052201E /* Debug */,
				27A585F12E37EC4A0052201E /* Release */,
			);
			defaultConfigurationIsVisible = 0;
			defaultConfigurationName = Release;
		};
/* End XCConfigurationList section */

/* Begin XCRemoteSwiftPackageReference section */
		2795A0B12E3816FC00E56BE8 /* XCRemoteSwiftPackageReference "supabase-swift" */ = {
			isa = XCRemoteSwiftPackageReference;
			repositoryURL = "https://github.com/supabase-community/supabase-swift";
			requirement = {
				kind = upToNextMajorVersion;
				minimumVersion = 2.5.1;
			};
		};
/* End XCRemoteSwiftPackageReference section */

/* Begin XCSwiftPackageProductDependency section */
		2795A0B22E3816FC00E56BE8 /* Auth */ = {
			isa = XCSwiftPackageProductDependency;
			package = 2795A0B12E3816FC00E56BE8 /* XCRemoteSwiftPackageReference "supabase-swift" */;
			productName = Auth;
		};
		2795A0B42E3816FC00E56BE8 /* Functions */ = {
			isa = XCSwiftPackageProductDependency;
			package = 2795A0B12E3816FC00E56BE8 /* XCRemoteSwiftPackageReference "supabase-swift" */;
			productName = Functions;
		};
		2795A0B62E3816FC00E56BE8 /* PostgREST */ = {
			isa = XCSwiftPackageProductDependency;
			package = 2795A0B12E3816FC00E56BE8 /* XCRemoteSwiftPackageReference "supabase-swift" */;
			productName = PostgREST;
		};
		2795A0B82E3816FC00E56BE8 /* Realtime */ = {
			isa = XCSwiftPackageProductDependency;
			package = 2795A0B12E3816FC00E56BE8 /* XCRemoteSwiftPackageReference "supabase-swift" */;
			productName = Realtime;
		};
		2795A0BA2E3816FC00E56BE8 /* Storage */ = {
			isa = XCSwiftPackageProductDependency;
			package = 2795A0B12E3816FC00E56BE8 /* XCRemoteSwiftPackageReference "supabase-swift" */;
			productName = Storage;
		};
		2795A0C62E38170F00E56BE8 /* Supabase */ = {
			isa = XCSwiftPackageProductDependency;
			package = 2795A0B12E3816FC00E56BE8 /* XCRemoteSwiftPackageReference "supabase-swift" */;
			productName = Supabase;
		};
		2795A0C82E3817D000E56BE8 /* Auth */ = {
			isa = XCSwiftPackageProductDependency;
			package = 2795A0B12E3816FC00E56BE8 /* XCRemoteSwiftPackageReference "supabase-swift" */;
			productName = Auth;
		};
		2795A0CA2E3817D000E56BE8 /* Functions */ = {
			isa = XCSwiftPackageProductDependency;
			package = 2795A0B12E3816FC00E56BE8 /* XCRemoteSwiftPackageReference "supabase-swift" */;
			productName = Functions;
		};
		2795A0CC2E3817D000E56BE8 /* PostgREST */ = {
			isa = XCSwiftPackageProductDependency;
			package = 2795A0B12E3816FC00E56BE8 /* XCRemoteSwiftPackageReference "supabase-swift" */;
			productName = PostgREST;
		};
		2795A0CE2E3817D000E56BE8 /* Realtime */ = {
			isa = XCSwiftPackageProductDependency;
			package = 2795A0B12E3816FC00E56BE8 /* XCRemoteSwiftPackageReference "supabase-swift" */;
			productName = Realtime;
		};
		2795A0D02E3817D000E56BE8 /* Storage */ = {
			isa = XCSwiftPackageProductDependency;
			package = 2795A0B12E3816FC00E56BE8 /* XCRemoteSwiftPackageReference "supabase-swift" */;
			productName = Storage;
		};
		2795A0D22E388E5600E56BE8 /* Supabase */ = {
			isa = XCSwiftPackageProductDependency;
			package = 2795A0B12E3816FC00E56BE8 /* XCRemoteSwiftPackageReference "supabase-swift" */;
			productName = Supabase;
		};
/* End XCSwiftPackageProductDependency section */
	};
	rootObject = 27A585C52E37EC470052201E /* Project object */;
}
